# This file is automatically @generated by Cargo.
# It is not intended for manual editing.
version = 4

[[package]]
name = "alsa_shim"
version = "0.1.0"

[[package]]
name = "ctest_exe"
version = "0.1.0"

[[package]]
name = "ctest_lib"
version = "0.1.0"

[[package]]
name = "drmgbm_stub"
version = "0.1.0"

[[package]]
name = "gl_test"
version = "0.1.0"

[[package]]
name = "glremote"
version = "0.1.0"

[[package]]
name = "sdl_deps_stub"
version = "0.1.0"

[[package]]
name = "sdl_rtest"
version = "0.1.0"

[[package]]
name = "sdl_test"
version = "0.1.0"

[[package]]
name = "selftest"
version = "0.1.0"
